// !$*UTF8*$!
{
	archiveVersion = 1;
	classes = {
	};
	objectVersion = 55;
	objects = {

/* Begin PBXBuildFile section */
		4E834D94288E1B3600B33B62 /* AddContactView.swift in Sources */ = {isa = PBXBuildFile; fileRef = 4E834D93288E1B3600B33B62 /* AddContactView.swift */; };
		4EBFC7F4288F59B1004517C2 /* FirebaseFirestore in Frameworks */ = {isa = PBXBuildFile; productRef = 4EBFC7F3288F59B1004517C2 /* FirebaseFirestore */; };
		4EBFC7F6288F59DB004517C2 /* FirestoreManager.swift in Sources */ = {isa = PBXBuildFile; fileRef = 4EBFC7F5288F59DB004517C2 /* FirestoreManager.swift */; };
		4EBFC7F8289033F1004517C2 /* ContactListView.swift in Sources */ = {isa = PBXBuildFile; fileRef = 4EBFC7F7289033F1004517C2 /* ContactListView.swift */; };
		4ECE50FB288DC38000F78C6F /* AgendaApp.swift in Sources */ = {isa = PBXBuildFile; fileRef = 4ECE50FA288DC38000F78C6F /* AgendaApp.swift */; };
		4ECE50FD288DC38000F78C6F /* ContentView.swift in Sources */ = {isa = PBXBuildFile; fileRef = 4ECE50FC288DC38000F78C6F /* ContentView.swift */; };
		4ECE50FF288DC38300F78C6F /* Assets.xcassets in Resources */ = {isa = PBXBuildFile; fileRef = 4ECE50FE288DC38300F78C6F /* Assets.xcassets */; };
		4ECE5102288DC38300F78C6F /* Preview Assets.xcassets in Resources */ = {isa = PBXBuildFile; fileRef = 4ECE5101288DC38300F78C6F /* Preview Assets.xcassets */; };
		4EE54C83288F22F300BB7159 /* GoogleService-Info.plist in Resources */ = {isa = PBXBuildFile; fileRef = 4EE54C82288F22F300BB7159 /* GoogleService-Info.plist */; };
		4EE54C88288F378000BB7159 /* FirebaseAuth in Frameworks */ = {isa = PBXBuildFile; productRef = 4EE54C87288F378000BB7159 /* FirebaseAuth */; };
		4EE54C8A288F38EB00BB7159 /* LoginView.swift in Sources */ = {isa = PBXBuildFile; fileRef = 4EE54C89288F38EA00BB7159 /* LoginView.swift */; };
/* End PBXBuildFile section */

/* Begin PBXFileReference section */
		4E834D93288E1B3600B33B62 /* AddContactView.swift */ = {isa = PBXFileReference; lastKnownFileType = sourcecode.swift; path = AddContactView.swift; sourceTree = "<group>"; };
		4EBFC7F5288F59DB004517C2 /* FirestoreManager.swift */ = {isa = PBXFileReference; lastKnownFileType = sourcecode.swift; path = FirestoreManager.swift; sourceTree = "<group>"; };
		4EBFC7F7289033F1004517C2 /* ContactListView.swift */ = {isa = PBXFileReference; lastKnownFileType = sourcecode.swift; path = ContactListView.swift; sourceTree = "<group>"; };
		4ECE50F7288DC38000F78C6F /* Agenda.app */ = {isa = PBXFileReference; explicitFileType = wrapper.application; includeInIndex = 0; path = Agenda.app; sourceTree = BUILT_PRODUCTS_DIR; };
		4ECE50FA288DC38000F78C6F /* AgendaApp.swift */ = {isa = PBXFileReference; lastKnownFileType = sourcecode.swift; path = AgendaApp.swift; sourceTree = "<group>"; };
		4ECE50FC288DC38000F78C6F /* ContentView.swift */ = {isa = PBXFileReference; lastKnownFileType = sourcecode.swift; path = ContentView.swift; sourceTree = "<group>"; };
		4ECE50FE288DC38300F78C6F /* Assets.xcassets */ = {isa = PBXFileReference; lastKnownFileType = folder.assetcatalog; path = Assets.xcassets; sourceTree = "<group>"; };
		4ECE5101288DC38300F78C6F /* Preview Assets.xcassets */ = {isa = PBXFileReference; lastKnownFileType = folder.assetcatalog; path = "Preview Assets.xcassets"; sourceTree = "<group>"; };
		4EE54C82288F22F300BB7159 /* GoogleService-Info.plist */ = {isa = PBXFileReference; fileEncoding = 4; lastKnownFileType = text.plist.xml; path = "GoogleService-Info.plist"; sourceTree = "<group>"; };
		4EE54C89288F38EA00BB7159 /* LoginView.swift */ = {isa = PBXFileReference; lastKnownFileType = sourcecode.swift; path = LoginView.swift; sourceTree = "<group>"; };
/* End PBXFileReference section */

/* Begin PBXFrameworksBuildPhase section */
		4ECE50F4288DC38000F78C6F /* Frameworks */ = {
			isa = PBXFrameworksBuildPhase;
			buildActionMask = 2147483647;
			files = (
				4EE54C88288F378000BB7159 /* FirebaseAuth in Frameworks */,
				4EBFC7F4288F59B1004517C2 /* FirebaseFirestore in Frameworks */,
			);
			runOnlyForDeploymentPostprocessing = 0;
		};
/* End PBXFrameworksBuildPhase section */

/* Begin PBXGroup section */
		4EBFC7F2288F59B1004517C2 /* Frameworks */ = {
			isa = PBXGroup;
			children = (
			);
			name = Frameworks;
			sourceTree = "<group>";
		};
		4ECE50EE288DC38000F78C6F = {
			isa = PBXGroup;
			children = (
				4ECE50F9288DC38000F78C6F /* Agenda */,
				4ECE50F8288DC38000F78C6F /* Products */,
				4EBFC7F2288F59B1004517C2 /* Frameworks */,
			);
			sourceTree = "<group>";
		};
		4ECE50F8288DC38000F78C6F /* Products */ = {
			isa = PBXGroup;
			children = (
				4ECE50F7288DC38000F78C6F /* Agenda.app */,
			);
			name = Products;
			sourceTree = "<group>";
		};
		4ECE50F9288DC38000F78C6F /* Agenda */ = {
			isa = PBXGroup;
			children = (
				4EE54C82288F22F300BB7159 /* GoogleService-Info.plist */,
				4ECE50FA288DC38000F78C6F /* AgendaApp.swift */,
				4ECE50FC288DC38000F78C6F /* ContentView.swift */,
				4E834D93288E1B3600B33B62 /* AddContactView.swift */,
				4ECE50FE288DC38300F78C6F /* Assets.xcassets */,
				4ECE5100288DC38300F78C6F /* Preview Content */,
				4EE54C89288F38EA00BB7159 /* LoginView.swift */,
				4EBFC7F5288F59DB004517C2 /* FirestoreManager.swift */,
				4EBFC7F7289033F1004517C2 /* ContactListView.swift */,
			);
			path = Agenda;
			sourceTree = "<group>";
		};
		4ECE5100288DC38300F78C6F /* Preview Content */ = {
			isa = PBXGroup;
			children = (
				4ECE5101288DC38300F78C6F /* Preview Assets.xcassets */,
			);
			path = "Preview Content";
			sourceTree = "<group>";
		};
/* End PBXGroup section */

/* Begin PBXNativeTarget section */
		4ECE50F6288DC38000F78C6F /* Agenda */ = {
			isa = PBXNativeTarget;
			buildConfigurationList = 4ECE5105288DC38300F78C6F /* Build configuration list for PBXNativeTarget "Agenda" */;
			buildPhases = (
				4ECE50F3288DC38000F78C6F /* Sources */,
				4ECE50F4288DC38000F78C6F /* Frameworks */,
				4ECE50F5288DC38000F78C6F /* Resources */,
			);
			buildRules = (
			);
			dependencies = (
			);
			name = Agenda;
			packageProductDependencies = (
				4EE54C87288F378000BB7159 /* FirebaseAuth */,
				4EBFC7F3288F59B1004517C2 /* FirebaseFirestore */,
			);
			productName = Agenda;
			productReference = 4ECE50F7288DC38000F78C6F /* Agenda.app */;
			productType = "com.apple.product-type.application";
		};
/* End PBXNativeTarget section */

/* Begin PBXProject section */
		4ECE50EF288DC38000F78C6F /* Project object */ = {
			isa = PBXProject;
			attributes = {
				BuildIndependentTargetsInParallel = 1;
				LastSwiftUpdateCheck = 1340;
				LastUpgradeCheck = 1340;
				TargetAttributes = {
					4ECE50F6288DC38000F78C6F = {
						CreatedOnToolsVersion = 13.4;
					};
				};
			};
			buildConfigurationList = 4ECE50F2288DC38000F78C6F /* Build configuration list for PBXProject "Agenda" */;
			compatibilityVersion = "Xcode 13.0";
			developmentRegion = en;
			hasScannedForEncodings = 0;
			knownRegions = (
				en,
				Base,
			);
			mainGroup = 4ECE50EE288DC38000F78C6F;
			packageReferences = (
				4EE54C86288F378000BB7159 /* XCRemoteSwiftPackageReference "firebase-ios-sdk" */,
			);
			productRefGroup = 4ECE50F8288DC38000F78C6F /* Products */;
			projectDirPath = "";
			projectRoot = "";
			targets = (
				4ECE50F6288DC38000F78C6F /* Agenda */,
			);
		};
/* End PBXProject section */

/* Begin PBXResourcesBuildPhase section */
		4ECE50F5288DC38000F78C6F /* Resources */ = {
			isa = PBXResourcesBuildPhase;
			buildActionMask = 2147483647;
			files = (
				4ECE5102288DC38300F78C6F /* Preview Assets.xcassets in Resources */,
				4ECE50FF288DC38300F78C6F /* Assets.xcassets in Resources */,
				4EE54C83288F22F300BB7159 /* GoogleService-Info.plist in Resources */,
			);
			runOnlyForDeploymentPostprocessing = 0;
		};
/* End PBXResourcesBuildPhase section */

/* Begin PBXSourcesBuildPhase section */
		4ECE50F3288DC38000F78C6F /* Sources */ = {
			isa = PBXSourcesBuildPhase;
			buildActionMask = 2147483647;
			files = (
				4E834D94288E1B3600B33B62 /* AddContactView.swift in Sources */,
				4EBFC7F6288F59DB004517C2 /* FirestoreManager.swift in Sources */,
				4ECE50FD288DC38000F78C6F /* ContentView.swift in Sources */,
				4EBFC7F8289033F1004517C2 /* ContactListView.swift in Sources */,
				4EE54C8A288F38EB00BB7159 /* LoginView.swift in Sources */,
				4ECE50FB288DC38000F78C6F /* AgendaApp.swift in Sources */,
			);
			runOnlyForDeploymentPostprocessing = 0;
		};
/* End PBXSourcesBuildPhase section */

/* Begin XCBuildConfiguration section */
		4ECE5103288DC38300F78C6F /* Debug */ = {
			isa = XCBuildConfiguration;
			buildSettings = {
				ALWAYS_SEARCH_USER_PATHS = NO;
				CLANG_ANALYZER_NONNULL = YES;
				CLANG_ANALYZER_NUMBER_OBJECT_CONVERSION = YES_AGGRESSIVE;
				CLANG_CXX_LANGUAGE_STANDARD = "gnu++17";
				CLANG_ENABLE_MODULES = YES;
				CLANG_ENABLE_OBJC_ARC = YES;
				CLANG_ENABLE_OBJC_WEAK = YES;
				CLANG_WARN_BLOCK_CAPTURE_AUTORELEASING = YES;
				CLANG_WARN_BOOL_CONVERSION = YES;
				CLANG_WARN_COMMA = YES;
				CLANG_WARN_CONSTANT_CONVERSION = YES;
				CLANG_WARN_DEPRECATED_OBJC_IMPLEMENTATIONS = YES;
				CLANG_WARN_DIRECT_OBJC_ISA_USAGE = YES_ERROR;
				CLANG_WARN_DOCUMENTATION_COMMENTS = YES;
				CLANG_WARN_EMPTY_BODY = YES;
				CLANG_WARN_ENUM_CONVERSION = YES;
				CLANG_WARN_INFINITE_RECURSION = YES;
				CLANG_WARN_INT_CONVERSION = YES;
				CLANG_WARN_NON_LITERAL_NULL_CONVERSION = YES;
				CLANG_WARN_OBJC_IMPLICIT_RETAIN_SELF = YES;
				CLANG_WARN_OBJC_LITERAL_CONVERSION = YES;
				CLANG_WARN_OBJC_ROOT_CLASS = YES_ERROR;
				CLANG_WARN_QUOTED_INCLUDE_IN_FRAMEWORK_HEADER = YES;
				CLANG_WARN_RANGE_LOOP_ANALYSIS = YES;
				CLANG_WARN_STRICT_PROTOTYPES = YES;
				CLANG_WARN_SUSPICIOUS_MOVE = YES;
				CLANG_WARN_UNGUARDED_AVAILABILITY = YES_AGGRESSIVE;
				CLANG_WARN_UNREACHABLE_CODE = YES;
				CLANG_WARN__DUPLICATE_METHOD_MATCH = YES;
				COPY_PHASE_STRIP = NO;
				DEBUG_INFORMATION_FORMAT = dwarf;
				ENABLE_STRICT_OBJC_MSGSEND = YES;
				ENABLE_TESTABILITY = YES;
				GCC_C_LANGUAGE_STANDARD = gnu11;
				GCC_DYNAMIC_NO_PIC = NO;
				GCC_NO_COMMON_BLOCKS = YES;
				GCC_OPTIMIZATION_LEVEL = 0;
				GCC_PREPROCESSOR_DEFINITIONS = (
					"DEBUG=1",
					"$(inherited)",
				);
				GCC_WARN_64_TO_32_BIT_CONVERSION = YES;
				GCC_WARN_ABOUT_RETURN_TYPE = YES_ERROR;
				GCC_WARN_UNDECLARED_SELECTOR = YES;
				GCC_WARN_UNINITIALIZED_AUTOS = YES_AGGRESSIVE;
				GCC_WARN_UNUSED_FUNCTION = YES;
				GCC_WARN_UNUSED_VARIABLE = YES;
				IPHONEOS_DEPLOYMENT_TARGET = 15.5;
				MTL_ENABLE_DEBUG_INFO = INCLUDE_SOURCE;
				MTL_FAST_MATH = YES;
				ONLY_ACTIVE_ARCH = YES;
				SDKROOT = iphoneos;
				SWIFT_ACTIVE_COMPILATION_CONDITIONS = DEBUG;
				SWIFT_OPTIMIZATION_LEVEL = "-Onone";
			};
			name = Debug;
		};
		4ECE5104288DC38300F78C6F /* Release */ = {
			isa = XCBuildConfiguration;
			buildSettings = {
				ALWAYS_SEARCH_USER_PATHS = NO;
				CLANG_ANALYZER_NONNULL = YES;
				CLANG_ANALYZER_NUMBER_OBJECT_CONVERSION = YES_AGGRESSIVE;
				CLANG_CXX_LANGUAGE_STANDARD = "gnu++17";
				CLANG_ENABLE_MODULES = YES;
				CLANG_ENABLE_OBJC_ARC = YES;
				CLANG_ENABLE_OBJC_WEAK = YES;
				CLANG_WARN_BLOCK_CAPTURE_AUTORELEASING = YES;
				CLANG_WARN_BOOL_CONVERSION = YES;
				CLANG_WARN_COMMA = YES;
				CLANG_WARN_CONSTANT_CONVERSION = YES;
				CLANG_WARN_DEPRECATED_OBJC_IMPLEMENTATIONS = YES;
				CLANG_WARN_DIRECT_OBJC_ISA_USAGE = YES_ERROR;
				CLANG_WARN_DOCUMENTATION_COMMENTS = YES;
				CLANG_WARN_EMPTY_BODY = YES;
				CLANG_WARN_ENUM_CONVERSION = YES;
				CLANG_WARN_INFINITE_RECURSION = YES;
				CLANG_WARN_INT_CONVERSION = YES;
				CLANG_WARN_NON_LITERAL_NULL_CONVERSION = YES;
				CLANG_WARN_OBJC_IMPLICIT_RETAIN_SELF = YES;
				CLANG_WARN_OBJC_LITERAL_CONVERSION = YES;
				CLANG_WARN_OBJC_ROOT_CLASS = YES_ERROR;
				CLANG_WARN_QUOTED_INCLUDE_IN_FRAMEWORK_HEADER = YES;
				CLANG_WARN_RANGE_LOOP_ANALYSIS = YES;
				CLANG_WARN_STRICT_PROTOTYPES = YES;
				CLANG_WARN_SUSPICIOUS_MOVE = YES;
				CLANG_WARN_UNGUARDED_AVAILABILITY = YES_AGGRESSIVE;
				CLANG_WARN_UNREACHABLE_CODE = YES;
				CLANG_WARN__DUPLICATE_METHOD_MATCH = YES;
				COPY_PHASE_STRIP = NO;
				DEBUG_INFORMATION_FORMAT = "dwarf-with-dsym";
				ENABLE_NS_ASSERTIONS = NO;
				ENABLE_STRICT_OBJC_MSGSEND = YES;
				GCC_C_LANGUAGE_STANDARD = gnu11;
				GCC_NO_COMMON_BLOCKS = YES;
				GCC_WARN_64_TO_32_BIT_CONVERSION = YES;
				GCC_WARN_ABOUT_RETURN_TYPE = YES_ERROR;
				GCC_WARN_UNDECLARED_SELECTOR = YES;
				GCC_WARN_UNINITIALIZED_AUTOS = YES_AGGRESSIVE;
				GCC_WARN_UNUSED_FUNCTION = YES;
				GCC_WARN_UNUSED_VARIABLE = YES;
				IPHONEOS_DEPLOYMENT_TARGET = 15.5;
				MTL_ENABLE_DEBUG_INFO = NO;
				MTL_FAST_MATH = YES;
				SDKROOT = iphoneos;
				SWIFT_COMPILATION_MODE = wholemodule;
				SWIFT_OPTIMIZATION_LEVEL = "-O";
				VALIDATE_PRODUCT = YES;
			};
			name = Release;
		};
		4ECE5106288DC38300F78C6F /* Debug */ = {
			isa = XCBuildConfiguration;
			buildSettings = {
				ASSETCATALOG_COMPILER_APPICON_NAME = AppIcon;
				ASSETCATALOG_COMPILER_GLOBAL_ACCENT_COLOR_NAME = AccentColor;
				CODE_SIGN_STYLE = Automatic;
				CURRENT_PROJECT_VERSION = 1;
				DEVELOPMENT_ASSET_PATHS = "\"Agenda/Preview Content\"";
				DEVELOPMENT_TEAM = ABXQH5S54D;
				ENABLE_PREVIEWS = YES;
				GENERATE_INFOPLIST_FILE = YES;
				INFOPLIST_KEY_UIApplicationSceneManifest_Generation = YES;
				INFOPLIST_KEY_UIApplicationSupportsIndirectInputEvents = YES;
				INFOPLIST_KEY_UILaunchScreen_Generation = YES;
				INFOPLIST_KEY_UISupportedInterfaceOrientations_iPad = "UIInterfaceOrientationPortrait UIInterfaceOrientationPortraitUpsideDown UIInterfaceOrientationLandscapeLeft UIInterfaceOrientationLandscapeRight";
				INFOPLIST_KEY_UISupportedInterfaceOrientations_iPhone = "UIInterfaceOrientationPortrait UIInterfaceOrientationLandscapeLeft UIInterfaceOrientationLandscapeRight";
				LD_RUNPATH_SEARCH_PATHS = (
					"$(inherited)",
					"@executable_path/Frameworks",
				);
				MARKETING_VERSION = 1.0;
				PRODUCT_BUNDLE_IDENTIFIER = dev.isai.Agenda;
				PRODUCT_NAME = "$(TARGET_NAME)";
				SWIFT_EMIT_LOC_STRINGS = YES;
				SWIFT_VERSION = 5.0;
				TARGETED_DEVICE_FAMILY = "1,2";
			};
			name = Debug;
		};
		4ECE5107288DC38300F78C6F /* Release */ = {
			isa = XCBuildConfiguration;
			buildSettings = {
				ASSETCATALOG_COMPILER_APPICON_NAME = AppIcon;
				ASSETCATALOG_COMPILER_GLOBAL_ACCENT_COLOR_NAME = AccentColor;
				CODE_SIGN_STYLE = Automatic;
				CURRENT_PROJECT_VERSION = 1;
				DEVELOPMENT_ASSET_PATHS = "\"Agenda/Preview Content\"";
				DEVELOPMENT_TEAM = ABXQH5S54D;
				ENABLE_PREVIEWS = YES;
				GENERATE_INFOPLIST_FILE = YES;
				INFOPLIST_KEY_UIApplicationSceneManifest_Generation = YES;
				INFOPLIST_KEY_UIApplicationSupportsIndirectInputEvents = YES;
				INFOPLIST_KEY_UILaunchScreen_Generation = YES;
				INFOPLIST_KEY_UISupportedInterfaceOrientations_iPad = "UIInterfaceOrientationPortrait UIInterfaceOrientationPortraitUpsideDown UIInterfaceOrientationLandscapeLeft UIInterfaceOrientationLandscapeRight";
				INFOPLIST_KEY_UISupportedInterfaceOrientations_iPhone = "UIInterfaceOrientationPortrait UIInterfaceOrientationLandscapeLeft UIInterfaceOrientationLandscapeRight";
				LD_RUNPATH_SEARCH_PATHS = (
					"$(inherited)",
					"@executable_path/Frameworks",
				);
				MARKETING_VERSION = 1.0;
				PRODUCT_BUNDLE_IDENTIFIER = dev.isai.Agenda;
				PRODUCT_NAME = "$(TARGET_NAME)";
				SWIFT_EMIT_LOC_STRINGS = YES;
				SWIFT_VERSION = 5.0;
				TARGETED_DEVICE_FAMILY = "1,2";
			};
			name = Release;
		};
/* End XCBuildConfiguration section */

/* Begin XCConfigurationList section */
		4ECE50F2288DC38000F78C6F /* Build configuration list for PBXProject "Agenda" */ = {
			isa = XCConfigurationList;
			buildConfigurations = (
				4ECE5103288DC38300F78C6F /* Debug */,
				4ECE5104288DC38300F78C6F /* Release */,
			);
			defaultConfigurationIsVisible = 0;
			defaultConfigurationName = Release;
		};
		4ECE5105288DC38300F78C6F /* Build configuration list for PBXNativeTarget "Agenda" */ = {
			isa = XCConfigurationList;
			buildConfigurations = (
				4ECE5106288DC38300F78C6F /* Debug */,
				4ECE5107288DC38300F78C6F /* Release */,
			);
			defaultConfigurationIsVisible = 0;
			defaultConfigurationName = Release;
		};
/* End XCConfigurationList section */

/* Begin XCRemoteSwiftPackageReference section */
		4EE54C86288F378000BB7159 /* XCRemoteSwiftPackageReference "firebase-ios-sdk" */ = {
			isa = XCRemoteSwiftPackageReference;
			repositoryURL = "https://github.com/firebase/firebase-ios-sdk";
			requirement = {
				branch = master;
				kind = branch;
			};
		};
/* End XCRemoteSwiftPackageReference section */

/* Begin XCSwiftPackageProductDependency section */
		4EBFC7F3288F59B1004517C2 /* FirebaseFirestore */ = {
			isa = XCSwiftPackageProductDependency;
			package = 4EE54C86288F378000BB7159 /* XCRemoteSwiftPackageReference "firebase-ios-sdk" */;
			productName = FirebaseFirestore;
		};
		4EE54C87288F378000BB7159 /* FirebaseAuth */ = {
			isa = XCSwiftPackageProductDependency;
			package = 4EE54C86288F378000BB7159 /* XCRemoteSwiftPackageReference "firebase-ios-sdk" */;
			productName = FirebaseAuth;
		};
/* End XCSwiftPackageProductDependency section */
	};
	rootObject = 4ECE50EF288DC38000F78C6F /* Project object */;
}
